// !$*UTF8*$!
{
	archiveVersion = 1;
	classes = {
	};
	objectVersion = 55;
	objects = {

/* Begin PBXBuildFile section */
		1D656C61280F634200B96137 /* AppDelegate.swift in Sources */ = {isa = PBXBuildFile; fileRef = 1D656C60280F634200B96137 /* AppDelegate.swift */; };
		1D656C63280F634200B96137 /* SceneDelegate.swift in Sources */ = {isa = PBXBuildFile; fileRef = 1D656C62280F634200B96137 /* SceneDelegate.swift */; };
		1D656C65280F634200B96137 /* ViewController.swift in Sources */ = {isa = PBXBuildFile; fileRef = 1D656C64280F634200B96137 /* ViewController.swift */; };
		1D656C68280F634200B96137 /* Main.storyboard in Resources */ = {isa = PBXBuildFile; fileRef = 1D656C66280F634200B96137 /* Main.storyboard */; };
		1D656C6B280F634200B96137 /* MAP523_FinalAssignment.xcdatamodeld in Sources */ = {isa = PBXBuildFile; fileRef = 1D656C69280F634200B96137 /* MAP523_FinalAssignment.xcdatamodeld */; };
		1D656C6D280F634400B96137 /* Assets.xcassets in Resources */ = {isa = PBXBuildFile; fileRef = 1D656C6C280F634400B96137 /* Assets.xcassets */; };
		1D656C70280F634400B96137 /* LaunchScreen.storyboard in Resources */ = {isa = PBXBuildFile; fileRef = 1D656C6E280F634400B96137 /* LaunchScreen.storyboard */; };
		1D656C79280F64DA00B96137 /* Favourite+CoreDataClass.swift in Sources */ = {isa = PBXBuildFile; fileRef = 1D656C77280F64DA00B96137 /* Favourite+CoreDataClass.swift */; };
		1D656C7A280F64DA00B96137 /* Favourite+CoreDataProperties.swift in Sources */ = {isa = PBXBuildFile; fileRef = 1D656C78280F64DA00B96137 /* Favourite+CoreDataProperties.swift */; };
		1D656C7C280F675D00B96137 /* Countries.swift in Sources */ = {isa = PBXBuildFile; fileRef = 1D656C7B280F675D00B96137 /* Countries.swift */; };
		1D656C7E280F7EFC00B96137 /* CountryDetailsViewController.swift in Sources */ = {isa = PBXBuildFile; fileRef = 1D656C7D280F7EFC00B96137 /* CountryDetailsViewController.swift */; };
		1D656C80280F8CD000B96137 /* FavouriteCountryViewController.swift in Sources */ = {isa = PBXBuildFile; fileRef = 1D656C7F280F8CD000B96137 /* FavouriteCountryViewController.swift */; };
/* End PBXBuildFile section */

/* Begin PBXFileReference section */
		1D656C5D280F634200B96137 /* MAP523_FinalAssignment.app */ = {isa = PBXFileReference; explicitFileType = wrapper.application; includeInIndex = 0; path = MAP523_FinalAssignment.app; sourceTree = BUILT_PRODUCTS_DIR; };
		1D656C60280F634200B96137 /* AppDelegate.swift */ = {isa = PBXFileReference; lastKnownFileType = sourcecode.swift; path = AppDelegate.swift; sourceTree = "<group>"; };
		1D656C62280F634200B96137 /* SceneDelegate.swift */ = {isa = PBXFileReference; lastKnownFileType = sourcecode.swift; path = SceneDelegate.swift; sourceTree = "<group>"; };
		1D656C64280F634200B96137 /* ViewController.swift */ = {isa = PBXFileReference; lastKnownFileType = sourcecode.swift; path = ViewController.swift; sourceTree = "<group>"; };
		1D656C67280F634200B96137 /* Base */ = {isa = PBXFileReference; lastKnownFileType = file.storyboard; name = Base; path = Base.lproj/Main.storyboard; sourceTree = "<group>"; };
		1D656C6A280F634200B96137 /* MAP523_FinalAssignment.xcdatamodel */ = {isa = PBXFileReference; lastKnownFileType = wrapper.xcdatamodel; path = MAP523_FinalAssignment.xcdatamodel; sourceTree = "<group>"; };
		1D656C6C280F634400B96137 /* Assets.xcassets */ = {isa = PBXFileReference; lastKnownFileType = folder.assetcatalog; path = Assets.xcassets; sourceTree = "<group>"; };
		1D656C6F280F634400B96137 /* Base */ = {isa = PBXFileReference; lastKnownFileType = file.storyboard; name = Base; path = Base.lproj/LaunchScreen.storyboard; sourceTree = "<group>"; };
		1D656C71280F634400B96137 /* Info.plist */ = {isa = PBXFileReference; lastKnownFileType = text.plist.xml; path = Info.plist; sourceTree = "<group>"; };
		1D656C77280F64DA00B96137 /* Favourite+CoreDataClass.swift */ = {isa = PBXFileReference; lastKnownFileType = sourcecode.swift; path = "Favourite+CoreDataClass.swift"; sourceTree = "<group>"; };
		1D656C78280F64DA00B96137 /* Favourite+CoreDataProperties.swift */ = {isa = PBXFileReference; lastKnownFileType = sourcecode.swift; path = "Favourite+CoreDataProperties.swift"; sourceTree = "<group>"; };
		1D656C7B280F675D00B96137 /* Countries.swift */ = {isa = PBXFileReference; lastKnownFileType = sourcecode.swift; path = Countries.swift; sourceTree = "<group>"; };
		1D656C7D280F7EFC00B96137 /* CountryDetailsViewController.swift */ = {isa = PBXFileReference; lastKnownFileType = sourcecode.swift; path = CountryDetailsViewController.swift; sourceTree = "<group>"; };
		1D656C7F280F8CD000B96137 /* FavouriteCountryViewController.swift */ = {isa = PBXFileReference; lastKnownFileType = sourcecode.swift; path = FavouriteCountryViewController.swift; sourceTree = "<group>"; };
/* End PBXFileReference section */

/* Begin PBXFrameworksBuildPhase section */
		1D656C5A280F634200B96137 /* Frameworks */ = {
			isa = PBXFrameworksBuildPhase;
			buildActionMask = 2147483647;
			files = (
			);
			runOnlyForDeploymentPostprocessing = 0;
		};
/* End PBXFrameworksBuildPhase section */

/* Begin PBXGroup section */
		1D656C54280F634200B96137 = {
			isa = PBXGroup;
			children = (
				1D656C77280F64DA00B96137 /* Favourite+CoreDataClass.swift */,
				1D656C78280F64DA00B96137 /* Favourite+CoreDataProperties.swift */,
				1D656C5F280F634200B96137 /* MAP523_FinalAssignment */,
				1D656C5E280F634200B96137 /* Products */,
			);
			sourceTree = "<group>";
		};
		1D656C5E280F634200B96137 /* Products */ = {
			isa = PBXGroup;
			children = (
				1D656C5D280F634200B96137 /* MAP523_FinalAssignment.app */,
			);
			name = Products;
			sourceTree = "<group>";
		};
		1D656C5F280F634200B96137 /* MAP523_FinalAssignment */ = {
			isa = PBXGroup;
			children = (
				1D656C60280F634200B96137 /* AppDelegate.swift */,
				1D656C62280F634200B96137 /* SceneDelegate.swift */,
				1D656C64280F634200B96137 /* ViewController.swift */,
				1D656C7B280F675D00B96137 /* Countries.swift */,
				1D656C66280F634200B96137 /* Main.storyboard */,
				1D656C6C280F634400B96137 /* Assets.xcassets */,
				1D656C6E280F634400B96137 /* LaunchScreen.storyboard */,
				1D656C71280F634400B96137 /* Info.plist */,
				1D656C69280F634200B96137 /* MAP523_FinalAssignment.xcdatamodeld */,
				1D656C7D280F7EFC00B96137 /* CountryDetailsViewController.swift */,
				1D656C7F280F8CD000B96137 /* FavouriteCountryViewController.swift */,
			);
			path = MAP523_FinalAssignment;
			sourceTree = "<group>";
		};
/* End PBXGroup section */

/* Begin PBXNativeTarget section */
		1D656C5C280F634200B96137 /* MAP523_FinalAssignment */ = {
			isa = PBXNativeTarget;
			buildConfigurationList = 1D656C74280F634400B96137 /* Build configuration list for PBXNativeTarget "MAP523_FinalAssignment" */;
			buildPhases = (
				1D656C59280F634200B96137 /* Sources */,
				1D656C5A280F634200B96137 /* Frameworks */,
				1D656C5B280F634200B96137 /* Resources */,
			);
			buildRules = (
			);
			dependencies = (
			);
			name = MAP523_FinalAssignment;
			productName = MAP523_FinalAssignment;
			productReference = 1D656C5D280F634200B96137 /* MAP523_FinalAssignment.app */;
			productType = "com.apple.product-type.application";
		};
/* End PBXNativeTarget section */

/* Begin PBXProject section */
		1D656C55280F634200B96137 /* Project object */ = {
			isa = PBXProject;
			attributes = {
				BuildIndependentTargetsInParallel = 1;
				LastSwiftUpdateCheck = 1320;
				LastUpgradeCheck = 1320;
				TargetAttributes = {
					1D656C5C280F634200B96137 = {
						CreatedOnToolsVersion = 13.2.1;
					};
				};
			};
			buildConfigurationList = 1D656C58280F634200B96137 /* Build configuration list for PBXProject "MAP523_FinalAssignment" */;
			compatibilityVersion = "Xcode 13.0";
			developmentRegion = en;
			hasScannedForEncodings = 0;
			knownRegions = (
				en,
				Base,
			);
			mainGroup = 1D656C54280F634200B96137;
			productRefGroup = 1D656C5E280F634200B96137 /* Products */;
			projectDirPath = "";
			projectRoot = "";
			targets = (
				1D656C5C280F634200B96137 /* MAP523_FinalAssignment */,
			);
		};
/* End PBXProject section */

/* Begin PBXResourcesBuildPhase section */
		1D656C5B280F634200B96137 /* Resources */ = {
			isa = PBXResourcesBuildPhase;
			buildActionMask = 2147483647;
			files = (
				1D656C70280F634400B96137 /* LaunchScreen.storyboard in Resources */,
				1D656C6D280F634400B96137 /* Assets.xcassets in Resources */,
				1D656C68280F634200B96137 /* Main.storyboard in Resources */,
			);
			runOnlyForDeploymentPostprocessing = 0;
		};
/* End PBXResourcesBuildPhase section */

/* Begin PBXSourcesBuildPhase section */
		1D656C59280F634200B96137 /* Sources */ = {
			isa = PBXSourcesBuildPhase;
			buildActionMask = 2147483647;
			files = (
				1D656C65280F634200B96137 /* ViewController.swift in Sources */,
				1D656C79280F64DA00B96137 /* Favourite+CoreDataClass.swift in Sources */,
				1D656C80280F8CD000B96137 /* FavouriteCountryViewController.swift in Sources */,
				1D656C6B280F634200B96137 /* MAP523_FinalAssignment.xcdatamodeld in Sources */,
				1D656C61280F634200B96137 /* AppDelegate.swift in Sources */,
				1D656C63280F634200B96137 /* SceneDelegate.swift in Sources */,
				1D656C7C280F675D00B96137 /* Countries.swift in Sources */,
				1D656C7E280F7EFC00B96137 /* CountryDetailsViewController.swift in Sources */,
				1D656C7A280F64DA00B96137 /* Favourite+CoreDataProperties.swift in Sources */,
			);
			runOnlyForDeploymentPostprocessing = 0;
		};
/* End PBXSourcesBuildPhase section */

/* Begin PBXVariantGroup section */
		1D656C66280F634200B96137 /* Main.storyboard */ = {
			isa = PBXVariantGroup;
			children = (
				1D656C67280F634200B96137 /* Base */,
			);
			name = Main.storyboard;
			sourceTree = "<group>";
		};
		1D656C6E280F634400B96137 /* LaunchScreen.storyboard */ = {
			isa = PBXVariantGroup;
			children = (
				1D656C6F280F634400B96137 /* Base */,
			);
			name = LaunchScreen.storyboard;
			sourceTree = "<group>";
		};
/* End PBXVariantGroup section */

/* Begin XCBuildConfiguration section */
		1D656C72280F634400B96137 /* Debug */ = {
			isa = XCBuildConfiguration;
			buildSettings = {
				ALWAYS_SEARCH_USER_PATHS = NO;
				CLANG_ANALYZER_NONNULL = YES;
				CLANG_ANALYZER_NUMBER_OBJECT_CONVERSION = YES_AGGRESSIVE;
				CLANG_CXX_LANGUAGE_STANDARD = "gnu++17";
				CLANG_CXX_LIBRARY = "libc++";
				CLANG_ENABLE_MODULES = YES;
				CLANG_ENABLE_OBJC_ARC = YES;
				CLANG_ENABLE_OBJC_WEAK = YES;
				CLANG_WARN_BLOCK_CAPTURE_AUTORELEASING = YES;
				CLANG_WARN_BOOL_CONVERSION = YES;
				CLANG_WARN_COMMA = YES;
				CLANG_WARN_CONSTANT_CONVERSION = YES;
				CLANG_WARN_DEPRECATED_OBJC_IMPLEMENTATIONS = YES;
				CLANG_WARN_DIRECT_OBJC_ISA_USAGE = YES_ERROR;
				CLANG_WARN_DOCUMENTATION_COMMENTS = YES;
				CLANG_WARN_EMPTY_BODY = YES;
				CLANG_WARN_ENUM_CONVERSION = YES;
				CLANG_WARN_INFINITE_RECURSION = YES;
				CLANG_WARN_INT_CONVERSION = YES;
				CLANG_WARN_NON_LITERAL_NULL_CONVERSION = YES;
				CLANG_WARN_OBJC_IMPLICIT_RETAIN_SELF = YES;
				CLANG_WARN_OBJC_LITERAL_CONVERSION = YES;
				CLANG_WARN_OBJC_ROOT_CLASS = YES_ERROR;
				CLANG_WARN_QUOTED_INCLUDE_IN_FRAMEWORK_HEADER = YES;
				CLANG_WARN_RANGE_LOOP_ANALYSIS = YES;
				CLANG_WARN_STRICT_PROTOTYPES = YES;
				CLANG_WARN_SUSPICIOUS_MOVE = YES;
				CLANG_WARN_UNGUARDED_AVAILABILITY = YES_AGGRESSIVE;
				CLANG_WARN_UNREACHABLE_CODE = YES;
				CLANG_WARN__DUPLICATE_METHOD_MATCH = YES;
				COPY_PHASE_STRIP = NO;
				DEBUG_INFORMATION_FORMAT = dwarf;
				ENABLE_STRICT_OBJC_MSGSEND = YES;
				ENABLE_TESTABILITY = YES;
				GCC_C_LANGUAGE_STANDARD = gnu11;
				GCC_DYNAMIC_NO_PIC = NO;
				GCC_NO_COMMON_BLOCKS = YES;
				GCC_OPTIMIZATION_LEVEL = 0;
				GCC_PREPROCESSOR_DEFINITIONS = (
					"DEBUG=1",
					"$(inherited)",
				);
				GCC_WARN_64_TO_32_BIT_CONVERSION = YES;
				GCC_WARN_ABOUT_RETURN_TYPE = YES_ERROR;
				GCC_WARN_UNDECLARED_SELECTOR = YES;
				GCC_WARN_UNINITIALIZED_AUTOS = YES_AGGRESSIVE;
				GCC_WARN_UNUSED_FUNCTION = YES;
				GCC_WARN_UNUSED_VARIABLE = YES;
				IPHONEOS_DEPLOYMENT_TARGET = 15.2;
				MTL_ENABLE_DEBUG_INFO = INCLUDE_SOURCE;
				MTL_FAST_MATH = YES;
				ONLY_ACTIVE_ARCH = YES;
				SDKROOT = iphoneos;
				SWIFT_ACTIVE_COMPILATION_CONDITIONS = DEBUG;
				SWIFT_OPTIMIZATION_LEVEL = "-Onone";
			};
			name = Debug;
		};
		1D656C73280F634400B96137 /* Release */ = {
			isa = XCBuildConfiguration;
			buildSettings = {
				ALWAYS_SEARCH_USER_PATHS = NO;
				CLANG_ANALYZER_NONNULL = YES;
				CLANG_ANALYZER_NUMBER_OBJECT_CONVERSION = YES_AGGRESSIVE;
				CLANG_CXX_LANGUAGE_STANDARD = "gnu++17";
				CLANG_CXX_LIBRARY = "libc++";
				CLANG_ENABLE_MODULES = YES;
				CLANG_ENABLE_OBJC_ARC = YES;
				CLANG_ENABLE_OBJC_WEAK = YES;
				CLANG_WARN_BLOCK_CAPTURE_AUTORELEASING = YES;
				CLANG_WARN_BOOL_CONVERSION = YES;
				CLANG_WARN_COMMA = YES;
				CLANG_WARN_CONSTANT_CONVERSION = YES;
				CLANG_WARN_DEPRECATED_OBJC_IMPLEMENTATIONS = YES;
				CLANG_WARN_DIRECT_OBJC_ISA_USAGE = YES_ERROR;
				CLANG_WARN_DOCUMENTATION_COMMENTS = YES;
				CLANG_WARN_EMPTY_BODY = YES;
				CLANG_WARN_ENUM_CONVERSION = YES;
				CLANG_WARN_INFINITE_RECURSION = YES;
				CLANG_WARN_INT_CONVERSION = YES;
				CLANG_WARN_NON_LITERAL_NULL_CONVERSION = YES;
				CLANG_WARN_OBJC_IMPLICIT_RETAIN_SELF = YES;
				CLANG_WARN_OBJC_LITERAL_CONVERSION = YES;
				CLANG_WARN_OBJC_ROOT_CLASS = YES_ERROR;
				CLANG_WARN_QUOTED_INCLUDE_IN_FRAMEWORK_HEADER = YES;
				CLANG_WARN_RANGE_LOOP_ANALYSIS = YES;
				CLANG_WARN_STRICT_PROTOTYPES = YES;
				CLANG_WARN_SUSPICIOUS_MOVE = YES;
				CLANG_WARN_UNGUARDED_AVAILABILITY = YES_AGGRESSIVE;
				CLANG_WARN_UNREACHABLE_CODE = YES;
				CLANG_WARN__DUPLICATE_METHOD_MATCH = YES;
				COPY_PHASE_STRIP = NO;
				DEBUG_INFORMATION_FORMAT = "dwarf-with-dsym";
				ENABLE_NS_ASSERTIONS = NO;
				ENABLE_STRICT_OBJC_MSGSEND = YES;
				GCC_C_LANGUAGE_STANDARD = gnu11;
				GCC_NO_COMMON_BLOCKS = YES;
				GCC_WARN_64_TO_32_BIT_CONVERSION = YES;
				GCC_WARN_ABOUT_RETURN_TYPE = YES_ERROR;
				GCC_WARN_UNDECLARED_SELECTOR = YES;
				GCC_WARN_UNINITIALIZED_AUTOS = YES_AGGRESSIVE;
				GCC_WARN_UNUSED_FUNCTION = YES;
				GCC_WARN_UNUSED_VARIABLE = YES;
				IPHONEOS_DEPLOYMENT_TARGET = 15.2;
				MTL_ENABLE_DEBUG_INFO = NO;
				MTL_FAST_MATH = YES;
				SDKROOT = iphoneos;
				SWIFT_COMPILATION_MODE = wholemodule;
				SWIFT_OPTIMIZATION_LEVEL = "-O";
				VALIDATE_PRODUCT = YES;
			};
			name = Release;
		};
		1D656C75280F634400B96137 /* Debug */ = {
			isa = XCBuildConfiguration;
			buildSettings = {
				ASSETCATALOG_COMPILER_APPICON_NAME = AppIcon;
				ASSETCATALOG_COMPILER_GLOBAL_ACCENT_COLOR_NAME = AccentColor;
				CODE_SIGN_STYLE = Automatic;
				CURRENT_PROJECT_VERSION = 1;
				GENERATE_INFOPLIST_FILE = YES;
				INFOPLIST_FILE = MAP523_FinalAssignment/Info.plist;
				INFOPLIST_KEY_UIApplicationSupportsIndirectInputEvents = YES;
				INFOPLIST_KEY_UILaunchStoryboardName = LaunchScreen;
				INFOPLIST_KEY_UIMainStoryboardFile = Main;
				INFOPLIST_KEY_UISupportedInterfaceOrientations_iPad = "UIInterfaceOrientationPortrait UIInterfaceOrientationPortraitUpsideDown UIInterfaceOrientationLandscapeLeft UIInterfaceOrientationLandscapeRight";
				INFOPLIST_KEY_UISupportedInterfaceOrientations_iPhone = "UIInterfaceOrientationPortrait UIInterfaceOrientationLandscapeLeft UIInterfaceOrientationLandscapeRight";
				LD_RUNPATH_SEARCH_PATHS = (
					"$(inherited)",
					"@executable_path/Frameworks",
				);
				MARKETING_VERSION = 1.0;
				PRODUCT_BUNDLE_IDENTIFIER = "com.test.MAP523-FinalAssignment";
				PRODUCT_NAME = "$(TARGET_NAME)";
				SWIFT_EMIT_LOC_STRINGS = YES;
				SWIFT_VERSION = 5.0;
				TARGETED_DEVICE_FAMILY = "1,2";
			};
			name = Debug;
		};
		1D656C76280F634400B96137 /* Release */ = {
			isa = XCBuildConfiguration;
			buildSettings = {
				ASSETCATALOG_COMPILER_APPICON_NAME = AppIcon;
				ASSETCATALOG_COMPILER_GLOBAL_ACCENT_COLOR_NAME = AccentColor;
				CODE_SIGN_STYLE = Automatic;
				CURRENT_PROJECT_VERSION = 1;
				GENERATE_INFOPLIST_FILE = YES;
				INFOPLIST_FILE = MAP523_FinalAssignment/Info.plist;
				INFOPLIST_KEY_UIApplicationSupportsIndirectInputEvents = YES;
				INFOPLIST_KEY_UILaunchStoryboardName = LaunchScreen;
				INFOPLIST_KEY_UIMainStoryboardFile = Main;
				INFOPLIST_KEY_UISupportedInterfaceOrientations_iPad = "UIInterfaceOrientationPortrait UIInterfaceOrientationPortraitUpsideDown UIInterfaceOrientationLandscapeLeft UIInterfaceOrientationLandscapeRight";
				INFOPLIST_KEY_UISupportedInterfaceOrientations_iPhone = "UIInterfaceOrientationPortrait UIInterfaceOrientationLandscapeLeft UIInterfaceOrientationLandscapeRight";
				LD_RUNPATH_SEARCH_PATHS = (
					"$(inherited)",
					"@executable_path/Frameworks",
				);
				MARKETING_VERSION = 1.0;
				PRODUCT_BUNDLE_IDENTIFIER = "com.test.MAP523-FinalAssignment";
				PRODUCT_NAME = "$(TARGET_NAME)";
				SWIFT_EMIT_LOC_STRINGS = YES;
				SWIFT_VERSION = 5.0;
				TARGETED_DEVICE_FAMILY = "1,2";
			};
			name = Release;
		};
/* End XCBuildConfiguration section */

/* Begin XCConfigurationList section */
		1D656C58280F634200B96137 /* Build configuration list for PBXProject "MAP523_FinalAssignment" */ = {
			isa = XCConfigurationList;
			buildConfigurations = (
				1D656C72280F634400B96137 /* Debug */,
				1D656C73280F634400B96137 /* Release */,
			);
			defaultConfigurationIsVisible = 0;
			defaultConfigurationName = Release;
		};
		1D656C74280F634400B96137 /* Build configuration list for PBXNativeTarget "MAP523_FinalAssignment" */ = {
			isa = XCConfigurationList;
			buildConfigurations = (
				1D656C75280F634400B96137 /* Debug */,
				1D656C76280F634400B96137 /* Release */,
			);
			defaultConfigurationIsVisible = 0;
			defaultConfigurationName = Release;
		};
/* End XCConfigurationList section */

/* Begin XCVersionGroup section */
		1D656C69280F634200B96137 /* MAP523_FinalAssignment.xcdatamodeld */ = {
			isa = XCVersionGroup;
			children = (
				1D656C6A280F634200B96137 /* MAP523_FinalAssignment.xcdatamodel */,
			);
			currentVersion = 1D656C6A280F634200B96137 /* MAP523_FinalAssignment.xcdatamodel */;
			path = MAP523_FinalAssignment.xcdatamodeld;
			sourceTree = "<group>";
			versionGroupType = wrapper.xcdatamodel;
		};
/* End XCVersionGroup section */
	};
	rootObject = 1D656C55280F634200B96137 /* Project object */;
}
